
Microsoft Visual Studio Solution File, Format Version 12.00
# Visual Studio Version 16
VisualStudioVersion = 16.0.30523.141
MinimumVisualStudioVersion = 10.0.40219.1
Project("{FAE04EC0-301F-11D3-BF4B-00C04F79EFBC}") = "Task1", "Task1\Task1.csproj", "{FDB42563-8AF6-43A2-97B0-EE0FE6FA1964}"
EndProject
Project("{2150E333-8FDC-42A3-9474-1A3956D46DE8}") = "HW2", "HW2", "{67AB3300-0C22-4E1B-8F4C-EFE1E7BFB516}"
EndProject
Project("{FAE04EC0-301F-11D3-BF4B-00C04F79EFBC}") = "Task2", "Task2\Task2.csproj", "{A16BA947-D619-41EF-AC1B-282364E16686}"
EndProject
Project("{FAE04EC0-301F-11D3-BF4B-00C04F79EFBC}") = "Task3", "Task3\Task3.csproj", "{BC7449D1-5B37-445A-AB32-24A964F083B2}"
EndProject
Project("{FAE04EC0-301F-11D3-BF4B-00C04F79EFBC}") = "Task4", "Task4\Task4.csproj", "{3EADACE8-DF9D-4A57-8461-5F88A61F9685}"
EndProject
Project("{FAE04EC0-301F-11D3-BF4B-00C04F79EFBC}") = "Task5", "Task5\Task5.csproj", "{BB3D1A50-DCF9-42D8-B55A-17F3A65535D1}"
EndProject
Global
	GlobalSection(SolutionConfigurationPlatforms) = preSolution
		Debug|Any CPU = Debug|Any CPU
		Release|Any CPU = Release|Any CPU
	EndGlobalSection
	GlobalSection(ProjectConfigurationPlatforms) = postSolution
		{FDB42563-8AF6-43A2-97B0-EE0FE6FA1964}.Debug|Any CPU.ActiveCfg = Debug|Any CPU
		{FDB42563-8AF6-43A2-97B0-EE0FE6FA1964}.Debug|Any CPU.Build.0 = Debug|Any CPU
		{FDB42563-8AF6-43A2-97B0-EE0FE6FA1964}.Release|Any CPU.ActiveCfg = Release|Any CPU
		{FDB42563-8AF6-43A2-97B0-EE0FE6FA1964}.Release|Any CPU.Build.0 = Release|Any CPU
		{A16BA947-D619-41EF-AC1B-282364E16686}.Debug|Any CPU.ActiveCfg = Debug|Any CPU
		{A16BA947-D619-41EF-AC1B-282364E16686}.Debug|Any CPU.Build.0 = Debug|Any CPU
		{A16BA947-D619-41EF-AC1B-282364E16686}.Release|Any CPU.ActiveCfg = Release|Any CPU
		{A16BA947-D619-41EF-AC1B-282364E16686}.Release|Any CPU.Build.0 = Release|Any CPU
		{BC7449D1-5B37-445A-AB32-24A964F083B2}.Debug|Any CPU.ActiveCfg = Debug|Any CPU
		{BC7449D1-5B37-445A-AB32-24A964F083B2}.Debug|Any CPU.Build.0 = Debug|Any CPU
		{BC7449D1-5B37-445A-AB32-24A964F083B2}.Release|Any CPU.ActiveCfg = Release|Any CPU
		{BC7449D1-5B37-445A-AB32-24A964F083B2}.Release|Any CPU.Build.0 = Release|Any CPU
		{3EADACE8-DF9D-4A57-8461-5F88A61F9685}.Debug|Any CPU.ActiveCfg = Debug|Any CPU
		{3EADACE8-DF9D-4A57-8461-5F88A61F9685}.Debug|Any CPU.Build.0 = Debug|Any CPU
		{3EADACE8-DF9D-4A57-8461-5F88A61F9685}.Release|Any CPU.ActiveCfg = Release|Any CPU
		{3EADACE8-DF9D-4A57-8461-5F88A61F9685}.Release|Any CPU.Build.0 = Release|Any CPU
		{BB3D1A50-DCF9-42D8-B55A-17F3A65535D1}.Debug|Any CPU.ActiveCfg = Debug|Any CPU
		{BB3D1A50-DCF9-42D8-B55A-17F3A65535D1}.Debug|Any CPU.Build.0 = Debug|Any CPU
		{BB3D1A50-DCF9-42D8-B55A-17F3A65535D1}.Release|Any CPU.ActiveCfg = Release|Any CPU
		{BB3D1A50-DCF9-42D8-B55A-17F3A65535D1}.Release|Any CPU.Build.0 = Release|Any CPU
	EndGlobalSection
	GlobalSection(SolutionProperties) = preSolution
		HideSolutionNode = FALSE
	EndGlobalSection
	GlobalSection(NestedProjects) = preSolution
		{FDB42563-8AF6-43A2-97B0-EE0FE6FA1964} = {67AB3300-0C22-4E1B-8F4C-EFE1E7BFB516}
		{A16BA947-D619-41EF-AC1B-282364E16686} = {67AB3300-0C22-4E1B-8F4C-EFE1E7BFB516}
		{BC7449D1-5B37-445A-AB32-24A964F083B2} = {67AB3300-0C22-4E1B-8F4C-EFE1E7BFB516}
		{3EADACE8-DF9D-4A57-8461-5F88A61F9685} = {67AB3300-0C22-4E1B-8F4C-EFE1E7BFB516}
		{BB3D1A50-DCF9-42D8-B55A-17F3A65535D1} = {67AB3300-0C22-4E1B-8F4C-EFE1E7BFB516}
	EndGlobalSection
	GlobalSection(ExtensibilityGlobals) = postSolution
		SolutionGuid = {FE3A8544-A242-4F4E-82B9-3B3A56A9B432}
	EndGlobalSection
EndGlobal
