
Microsoft Visual Studio Solution File, Format Version 12.00
# Visual Studio Version 16
VisualStudioVersion = 16.0.30611.23
MinimumVisualStudioVersion = 10.0.40219.1
Project("{FAE04EC0-301F-11D3-BF4B-00C04F79EFBC}") = "Task1", "Task1\Task1.csproj", "{12DC0A58-0901-408E-9738-B7FA2587D892}"
EndProject
Project("{FAE04EC0-301F-11D3-BF4B-00C04F79EFBC}") = "Task2", "Task2\Task2.csproj", "{697CCED4-F3ED-49BE-B6B2-93795C625300}"
EndProject
Project("{FAE04EC0-301F-11D3-BF4B-00C04F79EFBC}") = "Task3", "Task3\Task3.csproj", "{831307F1-B6C2-4440-BE5D-C206340DF049}"
EndProject
Project("{FAE04EC0-301F-11D3-BF4B-00C04F79EFBC}") = "Task4", "Task4\Task4.csproj", "{28E6A757-C206-48A8-822C-96521D5C2411}"
EndProject
Global
	GlobalSection(SolutionConfigurationPlatforms) = preSolution
		Debug|Any CPU = Debug|Any CPU
		Release|Any CPU = Release|Any CPU
	EndGlobalSection
	GlobalSection(ProjectConfigurationPlatforms) = postSolution
		{12DC0A58-0901-408E-9738-B7FA2587D892}.Debug|Any CPU.ActiveCfg = Debug|Any CPU
		{12DC0A58-0901-408E-9738-B7FA2587D892}.Debug|Any CPU.Build.0 = Debug|Any CPU
		{12DC0A58-0901-408E-9738-B7FA2587D892}.Release|Any CPU.ActiveCfg = Release|Any CPU
		{12DC0A58-0901-408E-9738-B7FA2587D892}.Release|Any CPU.Build.0 = Release|Any CPU
		{697CCED4-F3ED-49BE-B6B2-93795C625300}.Debug|Any CPU.ActiveCfg = Debug|Any CPU
		{697CCED4-F3ED-49BE-B6B2-93795C625300}.Debug|Any CPU.Build.0 = Debug|Any CPU
		{697CCED4-F3ED-49BE-B6B2-93795C625300}.Release|Any CPU.ActiveCfg = Release|Any CPU
		{697CCED4-F3ED-49BE-B6B2-93795C625300}.Release|Any CPU.Build.0 = Release|Any CPU
		{831307F1-B6C2-4440-BE5D-C206340DF049}.Debug|Any CPU.ActiveCfg = Debug|Any CPU
		{831307F1-B6C2-4440-BE5D-C206340DF049}.Debug|Any CPU.Build.0 = Debug|Any CPU
		{831307F1-B6C2-4440-BE5D-C206340DF049}.Release|Any CPU.ActiveCfg = Release|Any CPU
		{831307F1-B6C2-4440-BE5D-C206340DF049}.Release|Any CPU.Build.0 = Release|Any CPU
		{28E6A757-C206-48A8-822C-96521D5C2411}.Debug|Any CPU.ActiveCfg = Debug|Any CPU
		{28E6A757-C206-48A8-822C-96521D5C2411}.Debug|Any CPU.Build.0 = Debug|Any CPU
		{28E6A757-C206-48A8-822C-96521D5C2411}.Release|Any CPU.ActiveCfg = Release|Any CPU
		{28E6A757-C206-48A8-822C-96521D5C2411}.Release|Any CPU.Build.0 = Release|Any CPU
	EndGlobalSection
	GlobalSection(SolutionProperties) = preSolution
		HideSolutionNode = FALSE
	EndGlobalSection
	GlobalSection(ExtensibilityGlobals) = postSolution
		SolutionGuid = {77152D25-D823-42AE-8D21-05BFD063276A}
	EndGlobalSection
EndGlobal
