
Microsoft Visual Studio Solution File, Format Version 12.00
# Visual Studio Version 16
VisualStudioVersion = 16.0.30523.141
MinimumVisualStudioVersion = 10.0.40219.1
Project("{FAE04EC0-301F-11D3-BF4B-00C04F79EFBC}") = "Task1", "Task1\Task1.csproj", "{707CAD16-5C91-4669-BA37-BAA0EE6E5FF9}"
EndProject
Global
	GlobalSection(SolutionConfigurationPlatforms) = preSolution
		Debug|Any CPU = Debug|Any CPU
		Release|Any CPU = Release|Any CPU
	EndGlobalSection
	GlobalSection(ProjectConfigurationPlatforms) = postSolution
		{707CAD16-5C91-4669-BA37-BAA0EE6E5FF9}.Debug|Any CPU.ActiveCfg = Debug|Any CPU
		{707CAD16-5C91-4669-BA37-BAA0EE6E5FF9}.Debug|Any CPU.Build.0 = Debug|Any CPU
		{707CAD16-5C91-4669-BA37-BAA0EE6E5FF9}.Release|Any CPU.ActiveCfg = Release|Any CPU
		{707CAD16-5C91-4669-BA37-BAA0EE6E5FF9}.Release|Any CPU.Build.0 = Release|Any CPU
	EndGlobalSection
	GlobalSection(SolutionProperties) = preSolution
		HideSolutionNode = FALSE
	EndGlobalSection
	GlobalSection(ExtensibilityGlobals) = postSolution
		SolutionGuid = {67EB4139-939B-475D-ABE0-E51C0E21141F}
	EndGlobalSection
EndGlobal
