
Microsoft Visual Studio Solution File, Format Version 12.00
# Visual Studio Version 16
VisualStudioVersion = 16.0.30523.141
MinimumVisualStudioVersion = 10.0.40219.1
Project("{FAE04EC0-301F-11D3-BF4B-00C04F79EFBC}") = "Task1", "Task1\Task1.csproj", "{4D2A4E1F-0ADE-4B86-A6CD-72B6147B3C18}"
EndProject
Project("{FAE04EC0-301F-11D3-BF4B-00C04F79EFBC}") = "Task2", "Task2\Task2.csproj", "{B4769B16-2F4C-4ADF-981F-E1D236BF847B}"
EndProject
Project("{FAE04EC0-301F-11D3-BF4B-00C04F79EFBC}") = "Task3", "Task3\Task3.csproj", "{10AB1D44-F7CA-411A-BABF-E5B4FC0F514F}"
EndProject
Global
	GlobalSection(SolutionConfigurationPlatforms) = preSolution
		Debug|Any CPU = Debug|Any CPU
		Release|Any CPU = Release|Any CPU
	EndGlobalSection
	GlobalSection(ProjectConfigurationPlatforms) = postSolution
		{4D2A4E1F-0ADE-4B86-A6CD-72B6147B3C18}.Debug|Any CPU.ActiveCfg = Debug|Any CPU
		{4D2A4E1F-0ADE-4B86-A6CD-72B6147B3C18}.Debug|Any CPU.Build.0 = Debug|Any CPU
		{4D2A4E1F-0ADE-4B86-A6CD-72B6147B3C18}.Release|Any CPU.ActiveCfg = Release|Any CPU
		{4D2A4E1F-0ADE-4B86-A6CD-72B6147B3C18}.Release|Any CPU.Build.0 = Release|Any CPU
		{B4769B16-2F4C-4ADF-981F-E1D236BF847B}.Debug|Any CPU.ActiveCfg = Debug|Any CPU
		{B4769B16-2F4C-4ADF-981F-E1D236BF847B}.Debug|Any CPU.Build.0 = Debug|Any CPU
		{B4769B16-2F4C-4ADF-981F-E1D236BF847B}.Release|Any CPU.ActiveCfg = Release|Any CPU
		{B4769B16-2F4C-4ADF-981F-E1D236BF847B}.Release|Any CPU.Build.0 = Release|Any CPU
		{10AB1D44-F7CA-411A-BABF-E5B4FC0F514F}.Debug|Any CPU.ActiveCfg = Debug|Any CPU
		{10AB1D44-F7CA-411A-BABF-E5B4FC0F514F}.Debug|Any CPU.Build.0 = Debug|Any CPU
		{10AB1D44-F7CA-411A-BABF-E5B4FC0F514F}.Release|Any CPU.ActiveCfg = Release|Any CPU
		{10AB1D44-F7CA-411A-BABF-E5B4FC0F514F}.Release|Any CPU.Build.0 = Release|Any CPU
	EndGlobalSection
	GlobalSection(SolutionProperties) = preSolution
		HideSolutionNode = FALSE
	EndGlobalSection
	GlobalSection(ExtensibilityGlobals) = postSolution
		SolutionGuid = {AAEE33B7-595B-4C2D-8939-90FEE639E087}
	EndGlobalSection
EndGlobal
